
Microsoft Visual Studio Solution File, Format Version 11.00
# Visual Studio 2010
# SharpDevelop 4.4
Project("{FAE04EC0-301F-11D3-BF4B-00C04F79EFBC}") = "Interxtellar", "Interxtellar\Interxtellar.csproj", "{85250A35-A4AB-4DEE-8665-4F04B45FD1DD}"
EndProject
Global
	GlobalSection(SolutionConfigurationPlatforms) = preSolution
		Debug|Any CPU = Debug|Any CPU
		Release|Any CPU = Release|Any CPU
	EndGlobalSection
	GlobalSection(ProjectConfigurationPlatforms) = postSolution
		{85250A35-A4AB-4DEE-8665-4F04B45FD1DD}.Debug|Any CPU.Build.0 = Debug|Any CPU
		{85250A35-A4AB-4DEE-8665-4F04B45FD1DD}.Debug|Any CPU.ActiveCfg = Debug|Any CPU
		{85250A35-A4AB-4DEE-8665-4F04B45FD1DD}.Release|Any CPU.Build.0 = Release|Any CPU
		{85250A35-A4AB-4DEE-8665-4F04B45FD1DD}.Release|Any CPU.ActiveCfg = Release|Any CPU
	EndGlobalSection
EndGlobal
